// !$*UTF8*$!
{
	archiveVersion = 1;
	classes = {
	};
	objectVersion = 77;
	objects = {

/* Begin PBXBuildFile section */
		45FABE8512BBB4D8F190D80A /* Pods_DailyCurveViewDemo.framework in Frameworks */ = {isa = PBXBuildFile; fileRef = 58B6AF5509E055CB7AD1396A /* Pods_DailyCurveViewDemo.framework */; };
		A0F8C9A52DAD0C3400B0755D /* Assets.xcassets in Resources */ = {isa = PBXBuildFile; fileRef = A0F8C99C2DAD0C3400B0755D /* Assets.xcassets */; };
		A0F8C9A72DAD0C3400B0755D /* LaunchScreen.storyboard in Resources */ = {isa = PBXBuildFile; fileRef = A0F8C99F2DAD0C3400B0755D /* LaunchScreen.storyboard */; };
		A0F8C9A82DAD0C3400B0755D /* Main.storyboard in Resources */ = {isa = PBXBuildFile; fileRef = A0F8C9A12DAD0C3400B0755D /* Main.storyboard */; };
		A0F8C9A92DAD0C3400B0755D /* AppDelegate.swift in Sources */ = {isa = PBXBuildFile; fileRef = A0F8C99B2DAD0C3400B0755D /* AppDelegate.swift */; };
		A0F8C9AA2DAD0C3400B0755D /* SceneDelegate.swift in Sources */ = {isa = PBXBuildFile; fileRef = A0F8C9A22DAD0C3400B0755D /* SceneDelegate.swift */; };
		A0F8C9AB2DAD0C3400B0755D /* ViewController.swift in Sources */ = {isa = PBXBuildFile; fileRef = A0F8C9A32DAD0C3400B0755D /* ViewController.swift */; };
		A0F8C9B52DAD0C8A00B0755D /* ScrollableCurveView.swift in Sources */ = {isa = PBXBuildFile; fileRef = A0F8C9B42DAD0C8A00B0755D /* ScrollableCurveView.swift */; };
		A0F8C9B62DAD0C8A00B0755D /* DailyCurveModel.swift in Sources */ = {isa = PBXBuildFile; fileRef = A0F8C9B22DAD0C8A00B0755D /* DailyCurveModel.swift */; };
		A0F8C9B72DAD0C8A00B0755D /* DailyCurveView.swift in Sources */ = {isa = PBXBuildFile; fileRef = A0F8C9B32DAD0C8A00B0755D /* DailyCurveView.swift */; };
/* End PBXBuildFile section */

/* Begin PBXFileReference section */
		58B6AF5509E055CB7AD1396A /* Pods_DailyCurveViewDemo.framework */ = {isa = PBXFileReference; explicitFileType = wrapper.framework; includeInIndex = 0; path = Pods_DailyCurveViewDemo.framework; sourceTree = BUILT_PRODUCTS_DIR; };
		A0F8C9832DAD0C2A00B0755D /* DailyCurveViewDemo.app */ = {isa = PBXFileReference; explicitFileType = wrapper.application; includeInIndex = 0; path = DailyCurveViewDemo.app; sourceTree = BUILT_PRODUCTS_DIR; };
		A0F8C99B2DAD0C3400B0755D /* AppDelegate.swift */ = {isa = PBXFileReference; lastKnownFileType = sourcecode.swift; path = AppDelegate.swift; sourceTree = "<group>"; };
		A0F8C99C2DAD0C3400B0755D /* Assets.xcassets */ = {isa = PBXFileReference; lastKnownFileType = folder.assetcatalog; path = Assets.xcassets; sourceTree = "<group>"; };
		A0F8C99D2DAD0C3400B0755D /* Info.plist */ = {isa = PBXFileReference; lastKnownFileType = text.plist.xml; path = Info.plist; sourceTree = "<group>"; };
		A0F8C99E2DAD0C3400B0755D /* Base */ = {isa = PBXFileReference; lastKnownFileType = file.storyboard; name = Base; path = Base.lproj/LaunchScreen.storyboard; sourceTree = "<group>"; };
		A0F8C9A02DAD0C3400B0755D /* Base */ = {isa = PBXFileReference; lastKnownFileType = file.storyboard; name = Base; path = Base.lproj/Main.storyboard; sourceTree = "<group>"; };
		A0F8C9A22DAD0C3400B0755D /* SceneDelegate.swift */ = {isa = PBXFileReference; lastKnownFileType = sourcecode.swift; path = SceneDelegate.swift; sourceTree = "<group>"; };
		A0F8C9A32DAD0C3400B0755D /* ViewController.swift */ = {isa = PBXFileReference; lastKnownFileType = sourcecode.swift; path = ViewController.swift; sourceTree = "<group>"; };
		A0F8C9B22DAD0C8A00B0755D /* DailyCurveModel.swift */ = {isa = PBXFileReference; lastKnownFileType = sourcecode.swift; path = DailyCurveModel.swift; sourceTree = "<group>"; };
		A0F8C9B32DAD0C8A00B0755D /* DailyCurveView.swift */ = {isa = PBXFileReference; lastKnownFileType = sourcecode.swift; path = DailyCurveView.swift; sourceTree = "<group>"; };
		A0F8C9B42DAD0C8A00B0755D /* ScrollableCurveView.swift */ = {isa = PBXFileReference; lastKnownFileType = sourcecode.swift; path = ScrollableCurveView.swift; sourceTree = "<group>"; };
		D11ED9382CD3766306AAC001 /* Pods-DailyCurveViewDemo.release.xcconfig */ = {isa = PBXFileReference; includeInIndex = 1; lastKnownFileType = text.xcconfig; name = "Pods-DailyCurveViewDemo.release.xcconfig"; path = "Target Support Files/Pods-DailyCurveViewDemo/Pods-DailyCurveViewDemo.release.xcconfig"; sourceTree = "<group>"; };
		D419D874B6C7C3D1D6B46D48 /* Pods-DailyCurveViewDemo.debug.xcconfig */ = {isa = PBXFileReference; includeInIndex = 1; lastKnownFileType = text.xcconfig; name = "Pods-DailyCurveViewDemo.debug.xcconfig"; path = "Target Support Files/Pods-DailyCurveViewDemo/Pods-DailyCurveViewDemo.debug.xcconfig"; sourceTree = "<group>"; };
/* End PBXFileReference section */

/* Begin PBXFrameworksBuildPhase section */
		A0F8C9802DAD0C2A00B0755D /* Frameworks */ = {
			isa = PBXFrameworksBuildPhase;
			buildActionMask = 2147483647;
			files = (
				45FABE8512BBB4D8F190D80A /* Pods_DailyCurveViewDemo.framework in Frameworks */,
			);
			runOnlyForDeploymentPostprocessing = 0;
		};
/* End PBXFrameworksBuildPhase section */

/* Begin PBXGroup section */
		A0F8C97A2DAD0C2A00B0755D = {
			isa = PBXGroup;
			children = (
				A0F8C9A42DAD0C3400B0755D /* DailyCurveViewDemo */,
				A0F8C9842DAD0C2A00B0755D /* Products */,
				E378F8FBE6322FC2113F516D /* Pods */,
				C5990551D5C8ACBD901CF2F4 /* Frameworks */,
			);
			sourceTree = "<group>";
		};
		A0F8C9842DAD0C2A00B0755D /* Products */ = {
			isa = PBXGroup;
			children = (
				A0F8C9832DAD0C2A00B0755D /* DailyCurveViewDemo.app */,
			);
			name = Products;
			sourceTree = "<group>";
		};
		A0F8C9A42DAD0C3400B0755D /* DailyCurveViewDemo */ = {
			isa = PBXGroup;
			children = (
				A0F8C99B2DAD0C3400B0755D /* AppDelegate.swift */,
				A0F8C99C2DAD0C3400B0755D /* Assets.xcassets */,
				A0F8C99D2DAD0C3400B0755D /* Info.plist */,
				A0F8C99F2DAD0C3400B0755D /* LaunchScreen.storyboard */,
				A0F8C9A12DAD0C3400B0755D /* Main.storyboard */,
				A0F8C9A22DAD0C3400B0755D /* SceneDelegate.swift */,
				A0F8C9A32DAD0C3400B0755D /* ViewController.swift */,
				A0F8C9B22DAD0C8A00B0755D /* DailyCurveModel.swift */,
				A0F8C9B32DAD0C8A00B0755D /* DailyCurveView.swift */,
				A0F8C9B42DAD0C8A00B0755D /* ScrollableCurveView.swift */,
			);
			path = DailyCurveViewDemo;
			sourceTree = "<group>";
		};
		C5990551D5C8ACBD901CF2F4 /* Frameworks */ = {
			isa = PBXGroup;
			children = (
				58B6AF5509E055CB7AD1396A /* Pods_DailyCurveViewDemo.framework */,
			);
			name = Frameworks;
			sourceTree = "<group>";
		};
		E378F8FBE6322FC2113F516D /* Pods */ = {
			isa = PBXGroup;
			children = (
				D419D874B6C7C3D1D6B46D48 /* Pods-DailyCurveViewDemo.debug.xcconfig */,
				D11ED9382CD3766306AAC001 /* Pods-DailyCurveViewDemo.release.xcconfig */,
			);
			path = Pods;
			sourceTree = "<group>";
		};
/* End PBXGroup section */

/* Begin PBXNativeTarget section */
		A0F8C9822DAD0C2A00B0755D /* DailyCurveViewDemo */ = {
			isa = PBXNativeTarget;
			buildConfigurationList = A0F8C9962DAD0C2B00B0755D /* Build configuration list for PBXNativeTarget "DailyCurveViewDemo" */;
			buildPhases = (
				0EC66AAA84164314B28DFD23 /* [CP] Check Pods Manifest.lock */,
				A0F8C97F2DAD0C2A00B0755D /* Sources */,
				A0F8C9802DAD0C2A00B0755D /* Frameworks */,
				A0F8C9812DAD0C2A00B0755D /* Resources */,
				CF47664FF26542EC4D842C1F /* [CP] Embed Pods Frameworks */,
			);
			buildRules = (
			);
			dependencies = (
			);
			name = DailyCurveViewDemo;
			productName = DailyCurveViewDemo;
			productReference = A0F8C9832DAD0C2A00B0755D /* DailyCurveViewDemo.app */;
			productType = "com.apple.product-type.application";
		};
/* End PBXNativeTarget section */

/* Begin PBXProject section */
		A0F8C97B2DAD0C2A00B0755D /* Project object */ = {
			isa = PBXProject;
			attributes = {
				BuildIndependentTargetsInParallel = 1;
				LastSwiftUpdateCheck = 1620;
				LastUpgradeCheck = 1620;
				TargetAttributes = {
					A0F8C9822DAD0C2A00B0755D = {
						CreatedOnToolsVersion = 16.2;
					};
				};
			};
			buildConfigurationList = A0F8C97E2DAD0C2A00B0755D /* Build configuration list for PBXProject "DailyCurveViewDemo" */;
			developmentRegion = en;
			hasScannedForEncodings = 0;
			knownRegions = (
				en,
				Base,
			);
			mainGroup = A0F8C97A2DAD0C2A00B0755D;
			minimizedProjectReferenceProxies = 1;
			preferredProjectObjectVersion = 77;
			productRefGroup = A0F8C9842DAD0C2A00B0755D /* Products */;
			projectDirPath = "";
			projectRoot = "";
			targets = (
				A0F8C9822DAD0C2A00B0755D /* DailyCurveViewDemo */,
			);
		};
/* End PBXProject section */

/* Begin PBXResourcesBuildPhase section */
		A0F8C9812DAD0C2A00B0755D /* Resources */ = {
			isa = PBXResourcesBuildPhase;
			buildActionMask = 2147483647;
			files = (
				A0F8C9A52DAD0C3400B0755D /* Assets.xcassets in Resources */,
				A0F8C9A72DAD0C3400B0755D /* LaunchScreen.storyboard in Resources */,
				A0F8C9A82DAD0C3400B0755D /* Main.storyboard in Resources */,
			);
			runOnlyForDeploymentPostprocessing = 0;
		};
/* End PBXResourcesBuildPhase section */

/* Begin PBXShellScriptBuildPhase section */
		0EC66AAA84164314B28DFD23 /* [CP] Check Pods Manifest.lock */ = {
			isa = PBXShellScriptBuildPhase;
			buildActionMask = 2147483647;
			files = (
			);
			inputFileListPaths = (
			);
			inputPaths = (
				"${PODS_PODFILE_DIR_PATH}/Podfile.lock",
				"${PODS_ROOT}/Manifest.lock",
			);
			name = "[CP] Check Pods Manifest.lock";
			outputFileListPaths = (
			);
			outputPaths = (
				"$(DERIVED_FILE_DIR)/Pods-DailyCurveViewDemo-checkManifestLockResult.txt",
			);
			runOnlyForDeploymentPostprocessing = 0;
			shellPath = /bin/sh;
			shellScript = "diff \"${PODS_PODFILE_DIR_PATH}/Podfile.lock\" \"${PODS_ROOT}/Manifest.lock\" > /dev/null\nif [ $? != 0 ] ; then\n    # print error to STDERR\n    echo \"error: The sandbox is not in sync with the Podfile.lock. Run 'pod install' or update your CocoaPods installation.\" >&2\n    exit 1\nfi\n# This output is used by Xcode 'outputs' to avoid re-running this script phase.\necho \"SUCCESS\" > \"${SCRIPT_OUTPUT_FILE_0}\"\n";
			showEnvVarsInLog = 0;
		};
		CF47664FF26542EC4D842C1F /* [CP] Embed Pods Frameworks */ = {
			isa = PBXShellScriptBuildPhase;
			buildActionMask = 2147483647;
			files = (
			);
			inputFileListPaths = (
				"${PODS_ROOT}/Target Support Files/Pods-DailyCurveViewDemo/Pods-DailyCurveViewDemo-frameworks-${CONFIGURATION}-input-files.xcfilelist",
			);
			name = "[CP] Embed Pods Frameworks";
			outputFileListPaths = (
				"${PODS_ROOT}/Target Support Files/Pods-DailyCurveViewDemo/Pods-DailyCurveViewDemo-frameworks-${CONFIGURATION}-output-files.xcfilelist",
			);
			runOnlyForDeploymentPostprocessing = 0;
			shellPath = /bin/sh;
			shellScript = "\"${PODS_ROOT}/Target Support Files/Pods-DailyCurveViewDemo/Pods-DailyCurveViewDemo-frameworks.sh\"\n";
			showEnvVarsInLog = 0;
		};
/* End PBXShellScriptBuildPhase section */

/* Begin PBXSourcesBuildPhase section */
		A0F8C97F2DAD0C2A00B0755D /* Sources */ = {
			isa = PBXSourcesBuildPhase;
			buildActionMask = 2147483647;
			files = (
				A0F8C9A92DAD0C3400B0755D /* AppDelegate.swift in Sources */,
				A0F8C9AA2DAD0C3400B0755D /* SceneDelegate.swift in Sources */,
				A0F8C9B52DAD0C8A00B0755D /* ScrollableCurveView.swift in Sources */,
				A0F8C9B62DAD0C8A00B0755D /* DailyCurveModel.swift in Sources */,
				A0F8C9B72DAD0C8A00B0755D /* DailyCurveView.swift in Sources */,
				A0F8C9AB2DAD0C3400B0755D /* ViewController.swift in Sources */,
			);
			runOnlyForDeploymentPostprocessing = 0;
		};
/* End PBXSourcesBuildPhase section */

/* Begin PBXVariantGroup section */
		A0F8C99F2DAD0C3400B0755D /* LaunchScreen.storyboard */ = {
			isa = PBXVariantGroup;
			children = (
				A0F8C99E2DAD0C3400B0755D /* Base */,
			);
			name = LaunchScreen.storyboard;
			sourceTree = "<group>";
		};
		A0F8C9A12DAD0C3400B0755D /* Main.storyboard */ = {
			isa = PBXVariantGroup;
			children = (
				A0F8C9A02DAD0C3400B0755D /* Base */,
			);
			name = Main.storyboard;
			sourceTree = "<group>";
		};
/* End PBXVariantGroup section */

/* Begin XCBuildConfiguration section */
		A0F8C9972DAD0C2B00B0755D /* Debug */ = {
			isa = XCBuildConfiguration;
			baseConfigurationReference = D419D874B6C7C3D1D6B46D48 /* Pods-DailyCurveViewDemo.debug.xcconfig */;
			buildSettings = {
				ASSETCATALOG_COMPILER_APPICON_NAME = AppIcon;
				ASSETCATALOG_COMPILER_GLOBAL_ACCENT_COLOR_NAME = AccentColor;
				CODE_SIGN_STYLE = Automatic;
				CURRENT_PROJECT_VERSION = 1;
				DEVELOPMENT_TEAM = YEAF8YMCJ6;
				ENABLE_USER_SCRIPT_SANDBOXING = NO;
				GENERATE_INFOPLIST_FILE = YES;
				INFOPLIST_FILE = DailyCurveViewDemo/Info.plist;
				INFOPLIST_KEY_UIApplicationSupportsIndirectInputEvents = YES;
				INFOPLIST_KEY_UILaunchStoryboardName = LaunchScreen;
				INFOPLIST_KEY_UIMainStoryboardFile = Main;
				INFOPLIST_KEY_UISupportedInterfaceOrientations_iPad = "UIInterfaceOrientationPortrait UIInterfaceOrientationPortraitUpsideDown UIInterfaceOrientationLandscapeLeft UIInterfaceOrientationLandscapeRight";
				INFOPLIST_KEY_UISupportedInterfaceOrientations_iPhone = "UIInterfaceOrientationPortrait UIInterfaceOrientationLandscapeLeft UIInterfaceOrientationLandscapeRight";
				LD_RUNPATH_SEARCH_PATHS = (
					"$(inherited)",
					"@executable_path/Frameworks",
				);
				MARKETING_VERSION = 1.0;
				PRODUCT_BUNDLE_IDENTIFIER = com.fyqx.www.DailyCurveViewDemo;
				PRODUCT_NAME = "$(TARGET_NAME)";
				SWIFT_EMIT_LOC_STRINGS = YES;
				SWIFT_VERSION = 5.0;
				TARGETED_DEVICE_FAMILY = "1,2";
			};
			name = Debug;
		};
		A0F8C9982DAD0C2B00B0755D /* Release */ = {
			isa = XCBuildConfiguration;
			baseConfigurationReference = D11ED9382CD3766306AAC001 /* Pods-DailyCurveViewDemo.release.xcconfig */;
			buildSettings = {
				ASSETCATALOG_COMPILER_APPICON_NAME = AppIcon;
				ASSETCATALOG_COMPILER_GLOBAL_ACCENT_COLOR_NAME = AccentColor;
				CODE_SIGN_STYLE = Automatic;
				CURRENT_PROJECT_VERSION = 1;
				DEVELOPMENT_TEAM = YEAF8YMCJ6;
				ENABLE_USER_SCRIPT_SANDBOXING = NO;
				GENERATE_INFOPLIST_FILE = YES;
				INFOPLIST_FILE = DailyCurveViewDemo/Info.plist;
				INFOPLIST_KEY_UIApplicationSupportsIndirectInputEvents = YES;
				INFOPLIST_KEY_UILaunchStoryboardName = LaunchScreen;
				INFOPLIST_KEY_UIMainStoryboardFile = Main;
				INFOPLIST_KEY_UISupportedInterfaceOrientations_iPad = "UIInterfaceOrientationPortrait UIInterfaceOrientationPortraitUpsideDown UIInterfaceOrientationLandscapeLeft UIInterfaceOrientationLandscapeRight";
				INFOPLIST_KEY_UISupportedInterfaceOrientations_iPhone = "UIInterfaceOrientationPortrait UIInterfaceOrientationLandscapeLeft UIInterfaceOrientationLandscapeRight";
				LD_RUNPATH_SEARCH_PATHS = (
					"$(inherited)",
					"@executable_path/Frameworks",
				);
				MARKETING_VERSION = 1.0;
				PRODUCT_BUNDLE_IDENTIFIER = com.fyqx.www.DailyCurveViewDemo;
				PRODUCT_NAME = "$(TARGET_NAME)";
				SWIFT_EMIT_LOC_STRINGS = YES;
				SWIFT_VERSION = 5.0;
				TARGETED_DEVICE_FAMILY = "1,2";
			};
			name = Release;
		};
		A0F8C9992DAD0C2B00B0755D /* Debug */ = {
			isa = XCBuildConfiguration;
			buildSettings = {
				ALWAYS_SEARCH_USER_PATHS = NO;
				ASSETCATALOG_COMPILER_GENERATE_SWIFT_ASSET_SYMBOL_EXTENSIONS = YES;
				CLANG_ANALYZER_NONNULL = YES;
				CLANG_ANALYZER_NUMBER_OBJECT_CONVERSION = YES_AGGRESSIVE;
				CLANG_CXX_LANGUAGE_STANDARD = "gnu++20";
				CLANG_ENABLE_MODULES = YES;
				CLANG_ENABLE_OBJC_ARC = YES;
				CLANG_ENABLE_OBJC_WEAK = YES;
				CLANG_WARN_BLOCK_CAPTURE_AUTORELEASING = YES;
				CLANG_WARN_BOOL_CONVERSION = YES;
				CLANG_WARN_COMMA = YES;
				CLANG_WARN_CONSTANT_CONVERSION = YES;
				CLANG_WARN_DEPRECATED_OBJC_IMPLEMENTATIONS = YES;
				CLANG_WARN_DIRECT_OBJC_ISA_USAGE = YES_ERROR;
				CLANG_WARN_DOCUMENTATION_COMMENTS = YES;
				CLANG_WARN_EMPTY_BODY = YES;
				CLANG_WARN_ENUM_CONVERSION = YES;
				CLANG_WARN_INFINITE_RECURSION = YES;
				CLANG_WARN_INT_CONVERSION = YES;
				CLANG_WARN_NON_LITERAL_NULL_CONVERSION = YES;
				CLANG_WARN_OBJC_IMPLICIT_RETAIN_SELF = YES;
				CLANG_WARN_OBJC_LITERAL_CONVERSION = YES;
				CLANG_WARN_OBJC_ROOT_CLASS = YES_ERROR;
				CLANG_WARN_QUOTED_INCLUDE_IN_FRAMEWORK_HEADER = YES;
				CLANG_WARN_RANGE_LOOP_ANALYSIS = YES;
				CLANG_WARN_STRICT_PROTOTYPES = YES;
				CLANG_WARN_SUSPICIOUS_MOVE = YES;
				CLANG_WARN_UNGUARDED_AVAILABILITY = YES_AGGRESSIVE;
				CLANG_WARN_UNREACHABLE_CODE = YES;
				CLANG_WARN__DUPLICATE_METHOD_MATCH = YES;
				COPY_PHASE_STRIP = NO;
				DEBUG_INFORMATION_FORMAT = dwarf;
				ENABLE_STRICT_OBJC_MSGSEND = YES;
				ENABLE_TESTABILITY = YES;
				ENABLE_USER_SCRIPT_SANDBOXING = YES;
				GCC_C_LANGUAGE_STANDARD = gnu17;
				GCC_DYNAMIC_NO_PIC = NO;
				GCC_NO_COMMON_BLOCKS = YES;
				GCC_OPTIMIZATION_LEVEL = 0;
				GCC_PREPROCESSOR_DEFINITIONS = (
					"DEBUG=1",
					"$(inherited)",
				);
				GCC_WARN_64_TO_32_BIT_CONVERSION = YES;
				GCC_WARN_ABOUT_RETURN_TYPE = YES_ERROR;
				GCC_WARN_UNDECLARED_SELECTOR = YES;
				GCC_WARN_UNINITIALIZED_AUTOS = YES_AGGRESSIVE;
				GCC_WARN_UNUSED_FUNCTION = YES;
				GCC_WARN_UNUSED_VARIABLE = YES;
				IPHONEOS_DEPLOYMENT_TARGET = 18.2;
				LOCALIZATION_PREFERS_STRING_CATALOGS = YES;
				MTL_ENABLE_DEBUG_INFO = INCLUDE_SOURCE;
				MTL_FAST_MATH = YES;
				ONLY_ACTIVE_ARCH = YES;
				SDKROOT = iphoneos;
				SWIFT_ACTIVE_COMPILATION_CONDITIONS = "DEBUG $(inherited)";
				SWIFT_OPTIMIZATION_LEVEL = "-Onone";
			};
			name = Debug;
		};
		A0F8C99A2DAD0C2B00B0755D /* Release */ = {
			isa = XCBuildConfiguration;
			buildSettings = {
				ALWAYS_SEARCH_USER_PATHS = NO;
				ASSETCATALOG_COMPILER_GENERATE_SWIFT_ASSET_SYMBOL_EXTENSIONS = YES;
				CLANG_ANALYZER_NONNULL = YES;
				CLANG_ANALYZER_NUMBER_OBJECT_CONVERSION = YES_AGGRESSIVE;
				CLANG_CXX_LANGUAGE_STANDARD = "gnu++20";
				CLANG_ENABLE_MODULES = YES;
				CLANG_ENABLE_OBJC_ARC = YES;
				CLANG_ENABLE_OBJC_WEAK = YES;
				CLANG_WARN_BLOCK_CAPTURE_AUTORELEASING = YES;
				CLANG_WARN_BOOL_CONVERSION = YES;
				CLANG_WARN_COMMA = YES;
				CLANG_WARN_CONSTANT_CONVERSION = YES;
				CLANG_WARN_DEPRECATED_OBJC_IMPLEMENTATIONS = YES;
				CLANG_WARN_DIRECT_OBJC_ISA_USAGE = YES_ERROR;
				CLANG_WARN_DOCUMENTATION_COMMENTS = YES;
				CLANG_WARN_EMPTY_BODY = YES;
				CLANG_WARN_ENUM_CONVERSION = YES;
				CLANG_WARN_INFINITE_RECURSION = YES;
				CLANG_WARN_INT_CONVERSION = YES;
				CLANG_WARN_NON_LITERAL_NULL_CONVERSION = YES;
				CLANG_WARN_OBJC_IMPLICIT_RETAIN_SELF = YES;
				CLANG_WARN_OBJC_LITERAL_CONVERSION = YES;
				CLANG_WARN_OBJC_ROOT_CLASS = YES_ERROR;
				CLANG_WARN_QUOTED_INCLUDE_IN_FRAMEWORK_HEADER = YES;
				CLANG_WARN_RANGE_LOOP_ANALYSIS = YES;
				CLANG_WARN_STRICT_PROTOTYPES = YES;
				CLANG_WARN_SUSPICIOUS_MOVE = YES;
				CLANG_WARN_UNGUARDED_AVAILABILITY = YES_AGGRESSIVE;
				CLANG_WARN_UNREACHABLE_CODE = YES;
				CLANG_WARN__DUPLICATE_METHOD_MATCH = YES;
				COPY_PHASE_STRIP = NO;
				DEBUG_INFORMATION_FORMAT = "dwarf-with-dsym";
				ENABLE_NS_ASSERTIONS = NO;
				ENABLE_STRICT_OBJC_MSGSEND = YES;
				ENABLE_USER_SCRIPT_SANDBOXING = YES;
				GCC_C_LANGUAGE_STANDARD = gnu17;
				GCC_NO_COMMON_BLOCKS = YES;
				GCC_WARN_64_TO_32_BIT_CONVERSION = YES;
				GCC_WARN_ABOUT_RETURN_TYPE = YES_ERROR;
				GCC_WARN_UNDECLARED_SELECTOR = YES;
				GCC_WARN_UNINITIALIZED_AUTOS = YES_AGGRESSIVE;
				GCC_WARN_UNUSED_FUNCTION = YES;
				GCC_WARN_UNUSED_VARIABLE = YES;
				IPHONEOS_DEPLOYMENT_TARGET = 18.2;
				LOCALIZATION_PREFERS_STRING_CATALOGS = YES;
				MTL_ENABLE_DEBUG_INFO = NO;
				MTL_FAST_MATH = YES;
				SDKROOT = iphoneos;
				SWIFT_COMPILATION_MODE = wholemodule;
				VALIDATE_PRODUCT = YES;
			};
			name = Release;
		};
/* End XCBuildConfiguration section */

/* Begin XCConfigurationList section */
		A0F8C97E2DAD0C2A00B0755D /* Build configuration list for PBXProject "DailyCurveViewDemo" */ = {
			isa = XCConfigurationList;
			buildConfigurations = (
				A0F8C9992DAD0C2B00B0755D /* Debug */,
				A0F8C99A2DAD0C2B00B0755D /* Release */,
			);
			defaultConfigurationIsVisible = 0;
			defaultConfigurationName = Release;
		};
		A0F8C9962DAD0C2B00B0755D /* Build configuration list for PBXNativeTarget "DailyCurveViewDemo" */ = {
			isa = XCConfigurationList;
			buildConfigurations = (
				A0F8C9972DAD0C2B00B0755D /* Debug */,
				A0F8C9982DAD0C2B00B0755D /* Release */,
			);
			defaultConfigurationIsVisible = 0;
			defaultConfigurationName = Release;
		};
/* End XCConfigurationList section */
	};
	rootObject = A0F8C97B2DAD0C2A00B0755D /* Project object */;
}
